
Microsoft Visual Studio Solution File, Format Version 12.00
# Visual Studio Version 16
VisualStudioVersion = 16.0.32413.511
MinimumVisualStudioVersion = 10.0.40219.1
Project("{9A19103F-16F7-4668-BE54-9A1E7A4F7556}") = "OceanProducts.Core", "OceanProducts.Core\OceanProducts.Core.csproj", "{28D53188-18FF-4FD2-AF5A-72BF0D0EFF86}"
EndProject
Project("{9A19103F-16F7-4668-BE54-9A1E7A4F7556}") = "OceanProducts.Service", "OceanProducts.Service\OceanProducts.Service.csproj", "{9D00D768-721E-42B2-828A-471D4B36A1CF}"
EndProject
Project("{9A19103F-16F7-4668-BE54-9A1E7A4F7556}") = "OceanProducts.Web", "OceanProducts.Web\OceanProducts.Web.csproj", "{D0C06DC6-2C04-41EC-8F1C-EB11BADD2DD1}"
EndProject
Global
	GlobalSection(SolutionConfigurationPlatforms) = preSolution
		Debug|Any CPU = Debug|Any CPU
		Release|Any CPU = Release|Any CPU
	EndGlobalSection
	GlobalSection(ProjectConfigurationPlatforms) = postSolution
		{28D53188-18FF-4FD2-AF5A-72BF0D0EFF86}.Debug|Any CPU.ActiveCfg = Debug|Any CPU
		{28D53188-18FF-4FD2-AF5A-72BF0D0EFF86}.Debug|Any CPU.Build.0 = Debug|Any CPU
		{28D53188-18FF-4FD2-AF5A-72BF0D0EFF86}.Release|Any CPU.ActiveCfg = Release|Any CPU
		{28D53188-18FF-4FD2-AF5A-72BF0D0EFF86}.Release|Any CPU.Build.0 = Release|Any CPU
		{9D00D768-721E-42B2-828A-471D4B36A1CF}.Debug|Any CPU.ActiveCfg = Debug|Any CPU
		{9D00D768-721E-42B2-828A-471D4B36A1CF}.Debug|Any CPU.Build.0 = Debug|Any CPU
		{9D00D768-721E-42B2-828A-471D4B36A1CF}.Release|Any CPU.ActiveCfg = Release|Any CPU
		{9D00D768-721E-42B2-828A-471D4B36A1CF}.Release|Any CPU.Build.0 = Release|Any CPU
		{D0C06DC6-2C04-41EC-8F1C-EB11BADD2DD1}.Debug|Any CPU.ActiveCfg = Debug|Any CPU
		{D0C06DC6-2C04-41EC-8F1C-EB11BADD2DD1}.Debug|Any CPU.Build.0 = Debug|Any CPU
		{D0C06DC6-2C04-41EC-8F1C-EB11BADD2DD1}.Release|Any CPU.ActiveCfg = Release|Any CPU
		{D0C06DC6-2C04-41EC-8F1C-EB11BADD2DD1}.Release|Any CPU.Build.0 = Release|Any CPU
	EndGlobalSection
	GlobalSection(SolutionProperties) = preSolution
		HideSolutionNode = FALSE
	EndGlobalSection
	GlobalSection(ExtensibilityGlobals) = postSolution
		SolutionGuid = {28DD3500-1A30-4CF6-AAD4-4DCB1AD25E79}
	EndGlobalSection
EndGlobal
